{
  "version": 4,
  "terraform_version": "1.13.5",
  "serial": 2,
  "lineage": "99fa9e78-044d-ee8c-9847-19bf75355c50",
  "outputs": {
    "boot_disk_id": {
      "value": "fhm7lapqln2khnmqs4h1",
      "type": "string"
    },
    "vm_id": {
      "value": "fhmf3s0lbork73dc61o0",
      "type": "string"
    },
    "vm_ip_address": {
      "value": "158.160.38.19",
      "type": "string"
    },
    "vm_name": {
      "value": "sprint11-stage-vm",
      "type": "string"
    }
  },
  "resources": [
    {
      "module": "module.vm",
      "mode": "data",
      "type": "yandex_compute_image",
      "name": "ubuntu",
      "provider": "provider[\"registry.terraform.io/yandex-cloud/yandex\"]",
      "instances": [
        {
          "schema_version": 0,
          "attributes": {
            "created_at": "2025-11-17T11:07:50Z",
            "description": "Ubuntu 22.04 lts v20251114030637",
            "family": "ubuntu-2204-lts",
            "folder_id": "standard-images",
            "hardware_generation": [
              {
                "generation2_features": [],
                "legacy_features": [
                  {
                    "pci_topology": "PCI_TOPOLOGY_V2"
                  }
                ]
              }
            ],
            "id": "fd8fhirjb21am2sv9aud",
            "image_id": "fd8fhirjb21am2sv9aud",
            "kms_key_id": null,
            "labels": {
              "version": "20251114030637"
            },
            "min_disk_size": 8,
            "name": "ubuntu-22-04-lts-v20251117",
            "os_type": "linux",
            "pooled": true,
            "product_ids": [
              "f2em5qab26te4c7el77f"
            ],
            "size": 2,
            "status": "ready"
          },
          "sensitive_attributes": [],
          "identity_schema_version": 0
        }
      ]
    },
    {
      "module": "module.vm",
      "mode": "managed",
      "type": "yandex_compute_instance",
      "name": "vm",
      "provider": "provider[\"registry.terraform.io/yandex-cloud/yandex\"]",
      "instances": [
        {
          "schema_version": 1,
          "attributes": {
            "allow_recreate": null,
            "allow_stopping_for_update": null,
            "boot_disk": [
              {
                "auto_delete": true,
                "device_name": "fhm7lapqln2khnmqs4h1",
                "disk_id": "fhm7lapqln2khnmqs4h1",
                "initialize_params": [
                  {
                    "block_size": 4096,
                    "description": "",
                    "image_id": "fd8fhirjb21am2sv9aud",
                    "kms_key_id": "",
                    "name": "",
                    "size": 40,
                    "snapshot_id": "",
                    "type": "network-hdd"
                  }
                ],
                "mode": "READ_WRITE"
              }
            ],
            "created_at": "2025-11-17T14:34:21Z",
            "description": "",
            "filesystem": [],
            "folder_id": "b1gh4ho4a6mvveln7pf5",
            "fqdn": "fhmf3s0lbork73dc61o0.auto.internal",
            "gpu_cluster_id": "",
            "hardware_generation": [
              {
                "generation2_features": [],
                "legacy_features": [
                  {
                    "pci_topology": "PCI_TOPOLOGY_V2"
                  }
                ]
              }
            ],
            "hostname": "",
            "id": "fhmf3s0lbork73dc61o0",
            "labels": null,
            "local_disk": [],
            "maintenance_grace_period": "",
            "maintenance_policy": null,
            "metadata": {
              "ssh-keys": "ubuntu:ssh-ed25519 AAAAC3NzaC1lZDI1NTE5AAAAIPp+ZNZITlGxfSLYYG9Q/i2KTqu0LXtWo/V8X3YZlFs4 terraform@sprint11"
            },
            "metadata_options": [
              {
                "aws_v1_http_endpoint": 1,
                "aws_v1_http_token": 2,
                "gce_http_endpoint": 1,
                "gce_http_token": 1
              }
            ],
            "name": "sprint11-stage-vm",
            "network_acceleration_type": "standard",
            "network_interface": [
              {
                "dns_record": [],
                "index": 0,
                "ip_address": "10.0.0.14",
                "ipv4": true,
                "ipv6": false,
                "ipv6_address": "",
                "ipv6_dns_record": [],
                "mac_address": "d0:0d:f1:f0:15:5e",
                "nat": true,
                "nat_dns_record": [],
                "nat_ip_address": "158.160.38.19",
                "nat_ip_version": "IPV4",
                "security_group_ids": null,
                "subnet_id": "e9beismcv2n9h8ul6nfa"
              }
            ],
            "placement_policy": [
              {
                "host_affinity_rules": [],
                "placement_group_id": "",
                "placement_group_partition": 0
              }
            ],
            "platform_id": "standard-v1",
            "resources": [
              {
                "core_fraction": 100,
                "cores": 4,
                "gpus": 0,
                "memory": 4
              }
            ],
            "scheduling_policy": [
              {
                "preemptible": false
              }
            ],
            "secondary_disk": [],
            "service_account_id": "",
            "status": "running",
            "timeouts": null,
            "zone": "ru-central1-a"
          },
          "sensitive_attributes": [],
          "identity_schema_version": 0,
          "private": "eyJlMmJmYjczMC1lY2FhLTExZTYtOGY4OC0zNDM2M2JjN2M0YzAiOnsiY3JlYXRlIjozMDAwMDAwMDAwMDAsImRlbGV0ZSI6MzAwMDAwMDAwMDAwLCJ1cGRhdGUiOjMwMDAwMDAwMDAwMH0sInNjaGVtYV92ZXJzaW9uIjoiMSJ9",
          "dependencies": [
            "module.vm.data.yandex_compute_image.ubuntu"
          ]
        }
      ]
    }
  ],
  "check_results": null
}
